github.com/rfletchr/MiniMCP v0.0.0 h1:xAhd+iXEvRGOFM2ljLv7lgSUlssxBlsiXUBr2PLcy18=
github.com/rfletchr/MiniMCP v0.0.0/go.mod h1:u0Uvm6BvN2iaBZ9M4WXUP8IgBuAiG8ogTbdc0X6uYjo=
github.com/rfletchr/ShotgunGo v0.1.0 h1:Giia7xcDwTHkWK/3qgEs7rCWSm3iF2QzT8/s8vzUofQ=
github.com/rfletchr/ShotgunGo v0.1.0/go.mod h1:gqN5AcLG/8T6Y8YxVHzFukQQTSnoA4x8SwYIGL292jc=
